{
  "version": 4,
  "terraform_version": "1.15.7",
  "serial": 1,
  "lineage": "e9dedc07-7509-3586-a83b-bc79dbea279b",
  "outputs": {},
  "resources": [
    {
      "mode": "managed",
      "type": "local_file",
      "name": "welcome_note",
      "provider": "provider[\"registry.terraform.io/hashicorp/local\"]",
      "instances": [
        {
          "schema_version": 0,
          "attributes": {
            "content": "Welcome to Infrastructure as Code!\nThis file is managed entirely by Terraform.\n",
            "content_base64": null,
            "content_base64sha256": "+WBtOeRw3PfjDn/gv10ihln0/uurRY+HBSdTV2E/dio=",
            "content_base64sha512": "I6KsCRW6y1jftLV+XFcEHpF4YRdzIjdQyq7PEvslL3BIU4PP/SGyZwnP+ZbZnVucKnB4s+mCO9STtUMbdY2GBQ==",
            "content_md5": "2237ff1437a782c476c36c62ae2ac498",
            "content_sha1": "1e876ee208b920ea9ed4c72365b6e414137bdae6",
            "content_sha256": "f9606d39e470dcf7e30e7fe0bf5d228659f4feebab458f8705275357613f762a",
            "content_sha512": "23a2ac0915bacb58dfb4b57e5c57041e9178611773223750caaecf12fb252f70485383cffd21b26709cff996d99d5b9c2a7078b3e9823bd493b5431b758d8605",
            "directory_permission": "0777",
            "file_permission": "0777",
            "filename": "./welcome_terraform.txt",
            "id": "1e876ee208b920ea9ed4c72365b6e414137bdae6",
            "sensitive_content": null,
            "source": null
          },
          "sensitive_attributes": [
            [
              {
                "type": "get_attr",
                "value": "sensitive_content"
              }
            ]
          ],
          "identity_schema_version": 0
        }
      ]
    }
  ],
  "check_results": null
}
